<?xml version="1.0" encoding="utf-8"?>
<Project ToolsVersion="4.0" xmlns="http://schemas.microsoft.com/developer/msbuild/2003">
  <ItemGroup>
    <Filter Include="소스 파일">
      <UniqueIdentifier>{4FC737F1-C7A5-4376-A066-2A32D752A2FF}</UniqueIdentifier>
      <Extensions>cpp;c;cc;cxx;c++;cppm;ixx;def;odl;idl;hpj;bat;asm;asmx</Extensions>
    </Filter>
    <Filter Include="헤더 파일">
      <UniqueIdentifier>{93995380-89BD-4b04-88EB-625FBE52EBFB}</UniqueIdentifier>
      <Extensions>h;hh;hpp;hxx;h++;hm;inl;inc;ipp;xsd</Extensions>
    </Filter>
    <Filter Include="리소스 파일">
      <UniqueIdentifier>{67DA6AB6-F800-4c08-8B7A-83BB121AAD01}</UniqueIdentifier>
      <Extensions>rc;ico;cur;bmp;dlg;rc2;rct;bin;rgs;gif;jpg;jpeg;jpe;resx;tiff;tif;png;wav;mfcribbon-ms</Extensions>
    </Filter>
  </ItemGroup>
  <ItemGroup>
    <ClCompile Include="백준\골드\문제집.cpp">
      <Filter>소스 파일</Filter>
    </ClCompile>
    <ClCompile Include="백준\브론즈\오늘날짜.cpp">
      <Filter>소스 파일</Filter>
    </ClCompile>
    <ClCompile Include="백준\실버\방 번호.cpp">
      <Filter>소스 파일</Filter>
    </ClCompile>
    <ClCompile Include="백준\브론즈\별 찍기 - 6.cpp">
      <Filter>소스 파일</Filter>
    </ClCompile>
    <ClCompile Include="백준\실버\음식물 피하기.cpp">
      <Filter>소스 파일</Filter>
    </ClCompile>
    <ClCompile Include="백준\실버\재귀함수가 뭔가요.cpp">
      <Filter>소스 파일</Filter>
    </ClCompile>
    <ClCompile Include="백준\실버\경로 찾기.cpp">
      <Filter>소스 파일</Filter>
    </ClCompile>
    <ClCompile Include="백준\브론즈\A+B-6.cpp">
      <Filter>소스 파일</Filter>
    </ClCompile>
    <ClCompile Include="백준\실버\최대 힙.cpp">
      <Filter>소스 파일</Filter>
    </ClCompile>
    <ClCompile Include="백준\실버\랜선 자르기.cpp">
      <Filter>소스 파일</Filter>
    </ClCompile>
    <ClCompile Include="백준\브론즈\KMP는 왜 KMP일까.cpp">
      <Filter>소스 파일</Filter>
    </ClCompile>
    <ClCompile Include="백준\골드\벽 부수고 이동하기.cpp">
      <Filter>소스 파일</Filter>
    </ClCompile>
    <ClCompile Include="백준\실버\문자열 집합.cpp">
      <Filter>소스 파일</Filter>
    </ClCompile>
    <ClCompile Include="백준\실버\상근이의 여행.cpp">
      <Filter>소스 파일</Filter>
    </ClCompile>
    <ClCompile Include="백준\실버\16953_A--B.cpp">
      <Filter>소스 파일</Filter>
    </ClCompile>
    <ClCompile Include="백준\실버\2차원 배열의 합.cpp">
      <Filter>소스 파일</Filter>
    </ClCompile>
    <ClCompile Include="백준\골드\알고스팟.cpp">
      <Filter>소스 파일</Filter>
    </ClCompile>
    <ClCompile Include="백준\실버\보물.cpp">
      <Filter>소스 파일</Filter>
    </ClCompile>
    <ClCompile Include="백준\브론즈\세수정렬.cpp">
      <Filter>소스 파일</Filter>
    </ClCompile>
    <ClCompile Include="백준\브론즈\이진수 변환.cpp">
      <Filter>소스 파일</Filter>
    </ClCompile>
    <ClCompile Include="백준\브론즈\모음의 개수.cpp">
      <Filter>소스 파일</Filter>
    </ClCompile>
    <ClCompile Include="백준\골드\로봇 청소기.cpp">
      <Filter>소스 파일</Filter>
    </ClCompile>
    <ClCompile Include="백준\브론즈\전자레인지.cpp">
      <Filter>소스 파일</Filter>
    </ClCompile>
    <ClCompile Include="백준\골드\톱니바퀴.cpp">
      <Filter>소스 파일</Filter>
    </ClCompile>
    <ClCompile Include="백준\골드\약수의 합.cpp">
      <Filter>소스 파일</Filter>
    </ClCompile>
    <ClCompile Include="백준\실버\2xn 타일링.cpp">
      <Filter>소스 파일</Filter>
    </ClCompile>
    <ClCompile Include="백준\골드\미로만들기.cpp">
      <Filter>소스 파일</Filter>
    </ClCompile>
    <ClCompile Include="백준\골드\녹색 옷 입은 애가 젤다지.cpp">
      <Filter>소스 파일</Filter>
    </ClCompile>
    <ClCompile Include="백준\브론즈\이상한 기호.cpp">
      <Filter>소스 파일</Filter>
    </ClCompile>
  </ItemGroup>
</Project>