<?xml version="1.0" encoding="utf-8"?>
<Project ToolsVersion="4.0" xmlns="http://schemas.microsoft.com/developer/msbuild/2003">
  <ItemGroup>
    <ClCompile Include="백준\골드\K번째 수.cpp" />
    <ClCompile Include="백준\골드\Traveling SCCC President.cpp" />
    <ClCompile Include="백준\골드\가운데를 말해요.cpp" />
    <ClCompile Include="백준\골드\공유기 설치.cpp" />
    <ClCompile Include="백준\골드\구간 합 구하기.cpp" />
    <ClCompile Include="백준\골드\나무 위의 구슬.cpp" />
    <ClCompile Include="백준\골드\냅색문제.cpp" />
    <ClCompile Include="백준\골드\네트워크 연결.cpp" />
    <ClCompile Include="백준\골드\녹색 옷 입은 애가 젤다지.cpp" />
    <ClCompile Include="백준\골드\도시 분할 계획.cpp" />
    <ClCompile Include="백준\골드\동전 2.cpp" />
    <ClCompile Include="백준\골드\미로만들기.cpp" />
    <ClCompile Include="백준\골드\로봇 청소기.cpp" />
    <ClCompile Include="백준\골드\문제집.cpp" />
    <ClCompile Include="백준\골드\벽 부수고 이동하기.cpp" />
    <ClCompile Include="백준\골드\별자리 만들기.cpp" />
    <ClCompile Include="백준\골드\부분합.cpp" />
    <ClCompile Include="백준\골드\수 묶기.cpp" />
    <ClCompile Include="백준\골드\아기 상어.cpp" />
    <ClCompile Include="백준\골드\알고스팟.cpp" />
    <ClCompile Include="백준\골드\약수의 합.cpp" />
    <ClCompile Include="백준\골드\여행 가자.cpp" />
    <ClCompile Include="백준\골드\역원_Inverse_구하기.cpp" />
    <ClCompile Include="백준\골드\이중 우선순위 큐.cpp" />
    <ClCompile Include="백준\골드\인구 이동.cpp" />
    <ClCompile Include="백준\골드\전력난.cpp" />
    <ClCompile Include="백준\골드\전화번호 목록.cpp" />
    <ClCompile Include="백준\골드\집합의 표현.cpp" />
    <ClCompile Include="백준\골드\최소 스패닝 트리.cpp" />
    <ClCompile Include="백준\골드\이분 그래프.cpp" />
    <ClCompile Include="백준\골드\최솟값.cpp" />
    <ClCompile Include="백준\골드\친구 네트워크.cpp" />
    <ClCompile Include="백준\골드\타임머신.cpp" />
    <ClCompile Include="백준\골드\테트로미노.cpp" />
    <ClCompile Include="백준\골드\톱니바퀴.cpp" />
    <ClCompile Include="백준\골드\트리.cpp" />
    <ClCompile Include="백준\브론즈\대소문자 바꾸기.cpp" />
    <ClCompile Include="백준\브론즈\모음의 개수.cpp" />
    <ClCompile Include="백준\브론즈\A+B-6.cpp" />
    <ClCompile Include="백준\브론즈\KMP는 왜 KMP일까.cpp" />
    <ClCompile Include="백준\브론즈\별 찍기 - 6.cpp" />
    <ClCompile Include="백준\브론즈\별 찍기 - 8.cpp" />
    <ClCompile Include="백준\브론즈\세수정렬.cpp" />
    <ClCompile Include="백준\브론즈\오늘날짜.cpp" />
    <ClCompile Include="백준\브론즈\이상한 기호.cpp" />
    <ClCompile Include="백준\브론즈\이진수 변환.cpp" />
    <ClCompile Include="백준\브론즈\일곱 난쟁이.cpp" />
    <ClCompile Include="백준\브론즈\전자레인지.cpp" />
    <ClCompile Include="백준\브론즈\크냐.cpp" />
    <ClCompile Include="백준\브론즈\팩토리얼 2.cpp" />
    <ClCompile Include="백준\실버\16953_A--B.cpp" />
    <ClCompile Include="백준\실버\2xn 타일링.cpp" />
    <ClCompile Include="백준\실버\2차원 배열의 합.cpp" />
    <ClCompile Include="백준\실버\30번.cpp" />
    <ClCompile Include="백준\실버\ATM.cpp" />
    <ClCompile Include="백준\실버\로프.cpp" />
    <ClCompile Include="백준\실버\N과 M 2.cpp" />
    <ClCompile Include="백준\실버\N과 M 4.cpp" />
    <ClCompile Include="백준\실버\개미.cpp" />
    <ClCompile Include="백준\실버\경로 찾기.cpp" />
    <ClCompile Include="백준\실버\구간 합 구하기 4.cpp" />
    <ClCompile Include="백준\실버\나이트의 이동.cpp" />
    <ClCompile Include="백준\실버\대칭 차집합.cpp" />
    <ClCompile Include="백준\실버\도영이가 만든 맛있는 음식.cpp" />
    <ClCompile Include="백준\실버\랜선 자르기.cpp" />
    <ClCompile Include="백준\실버\문자열 집합.cpp" />
    <ClCompile Include="백준\실버\방 번호.cpp" />
    <ClCompile Include="백준\실버\보물.cpp" />
    <ClCompile Include="백준\실버\비밀번호 찾기.cpp" />
    <ClCompile Include="백준\실버\상근이의 여행.cpp" />
    <ClCompile Include="백준\실버\서로 다른 부분 문자열의 개수.cpp" />
    <ClCompile Include="백준\실버\소수 구하기.cpp" />
    <ClCompile Include="백준\실버\수들의 합.cpp" />
    <ClCompile Include="백준\실버\연속합.cpp" />
    <ClCompile Include="백준\실버\음식물 피하기.cpp" />
    <ClCompile Include="백준\실버\재귀함수가 뭔가요.cpp" />
    <ClCompile Include="백준\실버\최대 힙.cpp" />
    <ClCompile Include="백준\실버\큐 2.cpp" />
    <ClCompile Include="백준\실버\패션왕 신해빈.cpp" />
    <ClCompile Include="백준\실버\회사에 있는 사람.cpp" />
    <ClCompile Include="백준\플래티넘\Strongly Connected Component.cpp" />
    <ClCompile Include="백준\플래티넘\Suffix Array.cpp" />
    <ClCompile Include="백준\플래티넘\가장 긴 문자열.cpp" />
    <ClCompile Include="백준\플래티넘\반복 부분문자열.cpp" />
    <ClCompile Include="백준\플래티넘\이진 검색 트리.cpp" />
    <ClCompile Include="백준\실버\동전 0.cpp" />
    <ClCompile Include="백준\플래티넘\백조의 호수.cpp" />
    <ClCompile Include="백준\골드\LCA.cpp" />
    <ClCompile Include="백준\플래티넘\LCA2.cpp" />
    <ClCompile Include="백준\플래티넘\LCA와 쿼리.cpp" />
    <ClCompile Include="백준\브론즈\인경호 울타리 공사.cpp" />
    <ClCompile Include="백준\브론즈\신묘마루의 요술망치.cpp" />
    <ClCompile Include="백준\플래티넘\문자열과 쿼리.cpp" />
    <ClCompile Include="백준\플래티넘\LCS 4.cpp" />
    <ClCompile Include="백준\골드\공통 부분 문자열.cpp" />
    <ClCompile Include="백준\골드\용액.cpp" />
    <ClCompile Include="백준\골드\내리막 길.cpp" />
    <ClCompile Include="백준\골드\인덕이와 보드게임.cpp" />
    <ClCompile Include="백준\실버\스택 2.cpp" />
    <ClCompile Include="백준\실버\에라토스테네스의 체.cpp" />
    <ClCompile Include="백준\실버\주유소.cpp" />
    <ClCompile Include="백준\실버\쿠키런.cpp" />
    <ClCompile Include="백준\플래티넘\Ignition.cpp" />
    <ClCompile Include="백준\실버\수열 Easy.cpp" />
  </ItemGroup>
  <ItemGroup>
    <Text Include="input.txt" />
    <Text Include="output.txt" />
  </ItemGroup>
</Project>